// !$*UTF8*$!
{
	archiveVersion = 1;
	classes = {
	};
	objectVersion = 46;
	objects = {

/* Begin PBXBuildFile section */
		4765B3D01A24E62200393075 /* AppDelegate.swift in Sources */ = {isa = PBXBuildFile; fileRef = 4765B3CF1A24E62200393075 /* AppDelegate.swift */; };
		4765B3D21A24E62200393075 /* ViewController.swift in Sources */ = {isa = PBXBuildFile; fileRef = 4765B3D11A24E62200393075 /* ViewController.swift */; };
		4765B3D51A24E62200393075 /* Main.storyboard in Resources */ = {isa = PBXBuildFile; fileRef = 4765B3D31A24E62200393075 /* Main.storyboard */; };
		4765B3D71A24E62200393075 /* Images.xcassets in Resources */ = {isa = PBXBuildFile; fileRef = 4765B3D61A24E62200393075 /* Images.xcassets */; };
		4765B3DA1A24E62200393075 /* LaunchScreen.xib in Resources */ = {isa = PBXBuildFile; fileRef = 4765B3D81A24E62200393075 /* LaunchScreen.xib */; };
		4765B3E61A24E62200393075 /* CBEmitterTests.swift in Sources */ = {isa = PBXBuildFile; fileRef = 4765B3E51A24E62200393075 /* CBEmitterTests.swift */; };
		4765B3F11A24E64700393075 /* CBEmitter.swift in Sources */ = {isa = PBXBuildFile; fileRef = 4765B3F01A24E64700393075 /* CBEmitter.swift */; };
		4781196A1A26124400561DAB /* CBListener.swift in Sources */ = {isa = PBXBuildFile; fileRef = 478119691A26124400561DAB /* CBListener.swift */; };
/* End PBXBuildFile section */

/* Begin PBXContainerItemProxy section */
		4765B3E01A24E62200393075 /* PBXContainerItemProxy */ = {
			isa = PBXContainerItemProxy;
			containerPortal = 4765B3C21A24E62200393075 /* Project object */;
			proxyType = 1;
			remoteGlobalIDString = 4765B3C91A24E62200393075;
			remoteInfo = CBEmitter;
		};
/* End PBXContainerItemProxy section */

/* Begin PBXFileReference section */
		4765B3CA1A24E62200393075 /* CBEmitter.app */ = {isa = PBXFileReference; explicitFileType = wrapper.application; includeInIndex = 0; path = CBEmitter.app; sourceTree = BUILT_PRODUCTS_DIR; };
		4765B3CE1A24E62200393075 /* Info.plist */ = {isa = PBXFileReference; lastKnownFileType = text.plist.xml; path = Info.plist; sourceTree = "<group>"; };
		4765B3CF1A24E62200393075 /* AppDelegate.swift */ = {isa = PBXFileReference; lastKnownFileType = sourcecode.swift; path = AppDelegate.swift; sourceTree = "<group>"; };
		4765B3D11A24E62200393075 /* ViewController.swift */ = {isa = PBXFileReference; lastKnownFileType = sourcecode.swift; path = ViewController.swift; sourceTree = "<group>"; };
		4765B3D41A24E62200393075 /* Base */ = {isa = PBXFileReference; lastKnownFileType = file.storyboard; name = Base; path = Base.lproj/Main.storyboard; sourceTree = "<group>"; };
		4765B3D61A24E62200393075 /* Images.xcassets */ = {isa = PBXFileReference; lastKnownFileType = folder.assetcatalog; path = Images.xcassets; sourceTree = "<group>"; };
		4765B3D91A24E62200393075 /* Base */ = {isa = PBXFileReference; lastKnownFileType = file.xib; name = Base; path = Base.lproj/LaunchScreen.xib; sourceTree = "<group>"; };
		4765B3DF1A24E62200393075 /* CBEmitterTests.xctest */ = {isa = PBXFileReference; explicitFileType = wrapper.cfbundle; includeInIndex = 0; path = CBEmitterTests.xctest; sourceTree = BUILT_PRODUCTS_DIR; };
		4765B3E41A24E62200393075 /* Info.plist */ = {isa = PBXFileReference; lastKnownFileType = text.plist.xml; path = Info.plist; sourceTree = "<group>"; };
		4765B3E51A24E62200393075 /* CBEmitterTests.swift */ = {isa = PBXFileReference; lastKnownFileType = sourcecode.swift; path = CBEmitterTests.swift; sourceTree = "<group>"; };
		4765B3F01A24E64700393075 /* CBEmitter.swift */ = {isa = PBXFileReference; fileEncoding = 4; lastKnownFileType = sourcecode.swift; path = CBEmitter.swift; sourceTree = "<group>"; };
		478119691A26124400561DAB /* CBListener.swift */ = {isa = PBXFileReference; fileEncoding = 4; lastKnownFileType = sourcecode.swift; path = CBListener.swift; sourceTree = "<group>"; };
/* End PBXFileReference section */

/* Begin PBXFrameworksBuildPhase section */
		4765B3C71A24E62200393075 /* Frameworks */ = {
			isa = PBXFrameworksBuildPhase;
			buildActionMask = 2147483647;
			files = (
			);
			runOnlyForDeploymentPostprocessing = 0;
		};
		4765B3DC1A24E62200393075 /* Frameworks */ = {
			isa = PBXFrameworksBuildPhase;
			buildActionMask = 2147483647;
			files = (
			);
			runOnlyForDeploymentPostprocessing = 0;
		};
/* End PBXFrameworksBuildPhase section */

/* Begin PBXGroup section */
		4765B3C11A24E62200393075 = {
			isa = PBXGroup;
			children = (
				4765B3EF1A24E63300393075 /* src */,
				4765B3CC1A24E62200393075 /* CBEmitterSample */,
				4765B3E21A24E62200393075 /* CBEmitterTests */,
				4765B3CB1A24E62200393075 /* Products */,
			);
			sourceTree = "<group>";
		};
		4765B3CB1A24E62200393075 /* Products */ = {
			isa = PBXGroup;
			children = (
				4765B3CA1A24E62200393075 /* CBEmitter.app */,
				4765B3DF1A24E62200393075 /* CBEmitterTests.xctest */,
			);
			name = Products;
			sourceTree = "<group>";
		};
		4765B3CC1A24E62200393075 /* CBEmitterSample */ = {
			isa = PBXGroup;
			children = (
				4765B3CF1A24E62200393075 /* AppDelegate.swift */,
				4765B3D11A24E62200393075 /* ViewController.swift */,
				4765B3D31A24E62200393075 /* Main.storyboard */,
				4765B3D61A24E62200393075 /* Images.xcassets */,
				4765B3D81A24E62200393075 /* LaunchScreen.xib */,
				4765B3CD1A24E62200393075 /* Supporting Files */,
			);
			name = CBEmitterSample;
			path = CBEmitter;
			sourceTree = "<group>";
		};
		4765B3CD1A24E62200393075 /* Supporting Files */ = {
			isa = PBXGroup;
			children = (
				4765B3CE1A24E62200393075 /* Info.plist */,
			);
			name = "Supporting Files";
			sourceTree = "<group>";
		};
		4765B3E21A24E62200393075 /* CBEmitterTests */ = {
			isa = PBXGroup;
			children = (
				4765B3E51A24E62200393075 /* CBEmitterTests.swift */,
				4765B3E31A24E62200393075 /* Supporting Files */,
			);
			path = CBEmitterTests;
			sourceTree = "<group>";
		};
		4765B3E31A24E62200393075 /* Supporting Files */ = {
			isa = PBXGroup;
			children = (
				4765B3E41A24E62200393075 /* Info.plist */,
			);
			name = "Supporting Files";
			sourceTree = "<group>";
		};
		4765B3EF1A24E63300393075 /* src */ = {
			isa = PBXGroup;
			children = (
				4765B3F01A24E64700393075 /* CBEmitter.swift */,
				478119691A26124400561DAB /* CBListener.swift */,
			);
			name = src;
			sourceTree = "<group>";
		};
/* End PBXGroup section */

/* Begin PBXNativeTarget section */
		4765B3C91A24E62200393075 /* CBEmitter */ = {
			isa = PBXNativeTarget;
			buildConfigurationList = 4765B3E91A24E62200393075 /* Build configuration list for PBXNativeTarget "CBEmitter" */;
			buildPhases = (
				4765B3C61A24E62200393075 /* Sources */,
				4765B3C71A24E62200393075 /* Frameworks */,
				4765B3C81A24E62200393075 /* Resources */,
			);
			buildRules = (
			);
			dependencies = (
			);
			name = CBEmitter;
			productName = CBEmitter;
			productReference = 4765B3CA1A24E62200393075 /* CBEmitter.app */;
			productType = "com.apple.product-type.application";
		};
		4765B3DE1A24E62200393075 /* CBEmitterTests */ = {
			isa = PBXNativeTarget;
			buildConfigurationList = 4765B3EC1A24E62200393075 /* Build configuration list for PBXNativeTarget "CBEmitterTests" */;
			buildPhases = (
				4765B3DB1A24E62200393075 /* Sources */,
				4765B3DC1A24E62200393075 /* Frameworks */,
				4765B3DD1A24E62200393075 /* Resources */,
			);
			buildRules = (
			);
			dependencies = (
				4765B3E11A24E62200393075 /* PBXTargetDependency */,
			);
			name = CBEmitterTests;
			productName = CBEmitterTests;
			productReference = 4765B3DF1A24E62200393075 /* CBEmitterTests.xctest */;
			productType = "com.apple.product-type.bundle.unit-test";
		};
/* End PBXNativeTarget section */

/* Begin PBXProject section */
		4765B3C21A24E62200393075 /* Project object */ = {
			isa = PBXProject;
			attributes = {
				LastUpgradeCheck = 0610;
				ORGANIZATIONNAME = Cloudbar;
				TargetAttributes = {
					4765B3C91A24E62200393075 = {
						CreatedOnToolsVersion = 6.1;
					};
					4765B3DE1A24E62200393075 = {
						CreatedOnToolsVersion = 6.1;
						TestTargetID = 4765B3C91A24E62200393075;
					};
				};
			};
			buildConfigurationList = 4765B3C51A24E62200393075 /* Build configuration list for PBXProject "CBEmitter" */;
			compatibilityVersion = "Xcode 3.2";
			developmentRegion = English;
			hasScannedForEncodings = 0;
			knownRegions = (
				en,
				Base,
			);
			mainGroup = 4765B3C11A24E62200393075;
			productRefGroup = 4765B3CB1A24E62200393075 /* Products */;
			projectDirPath = "";
			projectRoot = "";
			targets = (
				4765B3C91A24E62200393075 /* CBEmitter */,
				4765B3DE1A24E62200393075 /* CBEmitterTests */,
			);
		};
/* End PBXProject section */

/* Begin PBXResourcesBuildPhase section */
		4765B3C81A24E62200393075 /* Resources */ = {
			isa = PBXResourcesBuildPhase;
			buildActionMask = 2147483647;
			files = (
				4765B3D51A24E62200393075 /* Main.storyboard in Resources */,
				4765B3DA1A24E62200393075 /* LaunchScreen.xib in Resources */,
				4765B3D71A24E62200393075 /* Images.xcassets in Resources */,
			);
			runOnlyForDeploymentPostprocessing = 0;
		};
		4765B3DD1A24E62200393075 /* Resources */ = {
			isa = PBXResourcesBuildPhase;
			buildActionMask = 2147483647;
			files = (
			);
			runOnlyForDeploymentPostprocessing = 0;
		};
/* End PBXResourcesBuildPhase section */

/* Begin PBXSourcesBuildPhase section */
		4765B3C61A24E62200393075 /* Sources */ = {
			isa = PBXSourcesBuildPhase;
			buildActionMask = 2147483647;
			files = (
				4765B3D21A24E62200393075 /* ViewController.swift in Sources */,
				4765B3F11A24E64700393075 /* CBEmitter.swift in Sources */,
				4781196A1A26124400561DAB /* CBListener.swift in Sources */,
				4765B3D01A24E62200393075 /* AppDelegate.swift in Sources */,
			);
			runOnlyForDeploymentPostprocessing = 0;
		};
		4765B3DB1A24E62200393075 /* Sources */ = {
			isa = PBXSourcesBuildPhase;
			buildActionMask = 2147483647;
			files = (
				4765B3E61A24E62200393075 /* CBEmitterTests.swift in Sources */,
			);
			runOnlyForDeploymentPostprocessing = 0;
		};
/* End PBXSourcesBuildPhase section */

/* Begin PBXTargetDependency section */
		4765B3E11A24E62200393075 /* PBXTargetDependency */ = {
			isa = PBXTargetDependency;
			target = 4765B3C91A24E62200393075 /* CBEmitter */;
			targetProxy = 4765B3E01A24E62200393075 /* PBXContainerItemProxy */;
		};
/* End PBXTargetDependency section */

/* Begin PBXVariantGroup section */
		4765B3D31A24E62200393075 /* Main.storyboard */ = {
			isa = PBXVariantGroup;
			children = (
				4765B3D41A24E62200393075 /* Base */,
			);
			name = Main.storyboard;
			sourceTree = "<group>";
		};
		4765B3D81A24E62200393075 /* LaunchScreen.xib */ = {
			isa = PBXVariantGroup;
			children = (
				4765B3D91A24E62200393075 /* Base */,
			);
			name = LaunchScreen.xib;
			sourceTree = "<group>";
		};
/* End PBXVariantGroup section */

/* Begin XCBuildConfiguration section */
		4765B3E71A24E62200393075 /* Debug */ = {
			isa = XCBuildConfiguration;
			buildSettings = {
				ALWAYS_SEARCH_USER_PATHS = NO;
				CLANG_CXX_LANGUAGE_STANDARD = "gnu++0x";
				CLANG_CXX_LIBRARY = "libc++";
				CLANG_ENABLE_MODULES = YES;
				CLANG_ENABLE_OBJC_ARC = YES;
				CLANG_WARN_BOOL_CONVERSION = YES;
				CLANG_WARN_CONSTANT_CONVERSION = YES;
				CLANG_WARN_DIRECT_OBJC_ISA_USAGE = YES_ERROR;
				CLANG_WARN_EMPTY_BODY = YES;
				CLANG_WARN_ENUM_CONVERSION = YES;
				CLANG_WARN_INT_CONVERSION = YES;
				CLANG_WARN_OBJC_ROOT_CLASS = YES_ERROR;
				CLANG_WARN_UNREACHABLE_CODE = YES;
				CLANG_WARN__DUPLICATE_METHOD_MATCH = YES;
				"CODE_SIGN_IDENTITY[sdk=iphoneos*]" = "iPhone Developer";
				COPY_PHASE_STRIP = NO;
				ENABLE_STRICT_OBJC_MSGSEND = YES;
				GCC_C_LANGUAGE_STANDARD = gnu99;
				GCC_DYNAMIC_NO_PIC = NO;
				GCC_OPTIMIZATION_LEVEL = 0;
				GCC_PREPROCESSOR_DEFINITIONS = (
					"DEBUG=1",
					"$(inherited)",
				);
				GCC_SYMBOLS_PRIVATE_EXTERN = NO;
				GCC_WARN_64_TO_32_BIT_CONVERSION = YES;
				GCC_WARN_ABOUT_RETURN_TYPE = YES_ERROR;
				GCC_WARN_UNDECLARED_SELECTOR = YES;
				GCC_WARN_UNINITIALIZED_AUTOS = YES_AGGRESSIVE;
				GCC_WARN_UNUSED_FUNCTION = YES;
				GCC_WARN_UNUSED_VARIABLE = YES;
				IPHONEOS_DEPLOYMENT_TARGET = 8.1;
				MTL_ENABLE_DEBUG_INFO = YES;
				ONLY_ACTIVE_ARCH = YES;
				SDKROOT = iphoneos;
				SWIFT_OPTIMIZATION_LEVEL = "-Onone";
			};
			name = Debug;
		};
		4765B3E81A24E62200393075 /* Release */ = {
			isa = XCBuildConfiguration;
			buildSettings = {
				ALWAYS_SEARCH_USER_PATHS = NO;
				CLANG_CXX_LANGUAGE_STANDARD = "gnu++0x";
				CLANG_CXX_LIBRARY = "libc++";
				CLANG_ENABLE_MODULES = YES;
				CLANG_ENABLE_OBJC_ARC = YES;
				CLANG_WARN_BOOL_CONVERSION = YES;
				CLANG_WARN_CONSTANT_CONVERSION = YES;
				CLANG_WARN_DIRECT_OBJC_ISA_USAGE = YES_ERROR;
				CLANG_WARN_EMPTY_BODY = YES;
				CLANG_WARN_ENUM_CONVERSION = YES;
				CLANG_WARN_INT_CONVERSION = YES;
				CLANG_WARN_OBJC_ROOT_CLASS = YES_ERROR;
				CLANG_WARN_UNREACHABLE_CODE = YES;
				CLANG_WARN__DUPLICATE_METHOD_MATCH = YES;
				"CODE_SIGN_IDENTITY[sdk=iphoneos*]" = "iPhone Developer";
				COPY_PHASE_STRIP = YES;
				ENABLE_NS_ASSERTIONS = NO;
				ENABLE_STRICT_OBJC_MSGSEND = YES;
				GCC_C_LANGUAGE_STANDARD = gnu99;
				GCC_WARN_64_TO_32_BIT_CONVERSION = YES;
				GCC_WARN_ABOUT_RETURN_TYPE = YES_ERROR;
				GCC_WARN_UNDECLARED_SELECTOR = YES;
				GCC_WARN_UNINITIALIZED_AUTOS = YES_AGGRESSIVE;
				GCC_WARN_UNUSED_FUNCTION = YES;
				GCC_WARN_UNUSED_VARIABLE = YES;
				IPHONEOS_DEPLOYMENT_TARGET = 8.1;
				MTL_ENABLE_DEBUG_INFO = NO;
				SDKROOT = iphoneos;
				VALIDATE_PRODUCT = YES;
			};
			name = Release;
		};
		4765B3EA1A24E62200393075 /* Debug */ = {
			isa = XCBuildConfiguration;
			buildSettings = {
				ASSETCATALOG_COMPILER_APPICON_NAME = AppIcon;
				INFOPLIST_FILE = CBEmitter/Info.plist;
				LD_RUNPATH_SEARCH_PATHS = "$(inherited) @executable_path/Frameworks";
				PRODUCT_NAME = "$(TARGET_NAME)";
			};
			name = Debug;
		};
		4765B3EB1A24E62200393075 /* Release */ = {
			isa = XCBuildConfiguration;
			buildSettings = {
				ASSETCATALOG_COMPILER_APPICON_NAME = AppIcon;
				INFOPLIST_FILE = CBEmitter/Info.plist;
				LD_RUNPATH_SEARCH_PATHS = "$(inherited) @executable_path/Frameworks";
				PRODUCT_NAME = "$(TARGET_NAME)";
			};
			name = Release;
		};
		4765B3ED1A24E62200393075 /* Debug */ = {
			isa = XCBuildConfiguration;
			buildSettings = {
				BUNDLE_LOADER = "$(TEST_HOST)";
				FRAMEWORK_SEARCH_PATHS = (
					"$(SDKROOT)/Developer/Library/Frameworks",
					"$(inherited)",
				);
				GCC_PREPROCESSOR_DEFINITIONS = (
					"DEBUG=1",
					"$(inherited)",
				);
				INFOPLIST_FILE = CBEmitterTests/Info.plist;
				LD_RUNPATH_SEARCH_PATHS = "$(inherited) @executable_path/Frameworks @loader_path/Frameworks";
				PRODUCT_NAME = "$(TARGET_NAME)";
				TEST_HOST = "$(BUILT_PRODUCTS_DIR)/CBEmitter.app/CBEmitter";
			};
			name = Debug;
		};
		4765B3EE1A24E62200393075 /* Release */ = {
			isa = XCBuildConfiguration;
			buildSettings = {
				BUNDLE_LOADER = "$(TEST_HOST)";
				FRAMEWORK_SEARCH_PATHS = (
					"$(SDKROOT)/Developer/Library/Frameworks",
					"$(inherited)",
				);
				INFOPLIST_FILE = CBEmitterTests/Info.plist;
				LD_RUNPATH_SEARCH_PATHS = "$(inherited) @executable_path/Frameworks @loader_path/Frameworks";
				PRODUCT_NAME = "$(TARGET_NAME)";
				TEST_HOST = "$(BUILT_PRODUCTS_DIR)/CBEmitter.app/CBEmitter";
			};
			name = Release;
		};
/* End XCBuildConfiguration section */

/* Begin XCConfigurationList section */
		4765B3C51A24E62200393075 /* Build configuration list for PBXProject "CBEmitter" */ = {
			isa = XCConfigurationList;
			buildConfigurations = (
				4765B3E71A24E62200393075 /* Debug */,
				4765B3E81A24E62200393075 /* Release */,
			);
			defaultConfigurationIsVisible = 0;
			defaultConfigurationName = Release;
		};
		4765B3E91A24E62200393075 /* Build configuration list for PBXNativeTarget "CBEmitter" */ = {
			isa = XCConfigurationList;
			buildConfigurations = (
				4765B3EA1A24E62200393075 /* Debug */,
				4765B3EB1A24E62200393075 /* Release */,
			);
			defaultConfigurationIsVisible = 0;
			defaultConfigurationName = Release;
		};
		4765B3EC1A24E62200393075 /* Build configuration list for PBXNativeTarget "CBEmitterTests" */ = {
			isa = XCConfigurationList;
			buildConfigurations = (
				4765B3ED1A24E62200393075 /* Debug */,
				4765B3EE1A24E62200393075 /* Release */,
			);
			defaultConfigurationIsVisible = 0;
			defaultConfigurationName = Release;
		};
/* End XCConfigurationList section */
	};
	rootObject = 4765B3C21A24E62200393075 /* Project object */;
}
